{
    "_meta": {
        "hash": {
            "sha256": "9875afd1f569283f42f90fe91f707a9872717f7b4f4ecf4564ed4ec517d2880e"
        },
        "pipfile-spec": 6,
        "requires": {
            "python_version": "3.9"
        },
        "sources": [
            {
                "name": "pypi",
                "url": "https://pypi.python.org/simple",
                "verify_ssl": true
            }
        ]
    },
    "default": {
        "certifi": {
            "hashes": [
                "sha256:1a4995114262bffbc2413b159f2a1a480c969de6e6eb13ee966d470af86af59c",
                "sha256:719a74fb9e33b9bd44cc7f3a8d94bc35e4049deebe19ba7d8e108280cfd59830"
            ],
            "version": "==2020.12.5"
        },
        "chardet": {
            "hashes": [
                "sha256:0d6f53a15db4120f2b08c94f11e7d93d2c911ee118b6b30a04ec3ee8310179fa",
                "sha256:f864054d66fd9118f2e67044ac8981a54775ec5b67aed0441892edb553d21da5"
            ],
            "markers": "python_version >= '2.7' and python_version not in '3.0, 3.1, 3.2, 3.3, 3.4'",
            "version": "==4.0.0"
        },
        "idna": {
            "hashes": [
                "sha256:b307872f855b18632ce0c21c5e45be78c0ea7ae4c15c828c20788b26921eb3f6",
                "sha256:b97d804b1e9b523befed77c48dacec60e6dcb0b5391d57af6a65a312a90648c0"
            ],
            "markers": "python_version >= '2.7' and python_version not in '3.0, 3.1, 3.2, 3.3'",
            "version": "==2.10"
        },
        "mwparserfromhell": {
            "hashes": [
                "sha256:00c33680cae89c88a5d5aa5492b016329cb4cb162bfd66e3dad1d6551732b56c",
                "sha256:116f7a60bf304ae503d0f566f274ff72e51b945587348b761e9fdf0653b7224c",
                "sha256:12b4f75842b86aabc17e87e79e8f5dd289e44cf08f199ad0350851e189661d6d",
                "sha256:3329caa591c9589deda52eae7f5b39760fadd5ee6512b52e99a36e281386f416",
                "sha256:40b431318f6b353dee0907d82b06fe270ad96b92c31241cca0cac7612547f0c8",
                "sha256:418912aa0e7f5073ad20dc192ade81b25c4c9c57cafae7eb7525d612daf63d5e",
                "sha256:4fa5d6976b750fade6b076d7972f71e09adcd9408384cb957f4e7ac9d22b46b0",
                "sha256:50502838077997c4707617f69723e01f9e03f4e231dbaac24ed81962b92e790a",
                "sha256:6908487f663c826a3f73f289719821ec2da94ed28450e727c0b33f0dc4850ca2",
                "sha256:720390238e282050cc43999b870aa97167b45367c6ad8314244a0aa553b926f3",
                "sha256:75787b6ab140ab267b313d37d045f3276f5dc6a9741074eddfbabc1635cb2efc",
                "sha256:8a73d6c04333bbc4f0f402a509dc7711dd62cacfe487c41a53b044c72e23f723",
                "sha256:8f1a5588a066f171d9d9a7de1dff0b8aeab3e91f65fe9dbea1b4fbf6e84abc39",
                "sha256:99529d8073df6e1e629b79d184a016b102e2bf94032fe9917022f28b7b8e09dc",
                "sha256:a3a761dd6b18f671dc6a5057097d16e8b4c8b556ad8ed58860d18b577690707a",
                "sha256:b01a4f75c13eb2d26a2f2b87952e6f63389b3539519249f7de054643683a398a",
                "sha256:bcc271dd9a20894640b8cfb14ff0146d3fe54a27e01cfd48bebd0c9770964d61",
                "sha256:bfa0707c5b51dea52ec6723e0d2e44791788de6cecfaed88c377fd163bfa6e19",
                "sha256:eb47d8cb09fc6fcd343204d575cb1a82b3664fc5797c8054f1d7286ba96fadd9"
            ],
            "index": "pypi",
            "version": "==0.6"
        },
        "protobuf": {
            "hashes": [
                "sha256:0e247612fadda953047f53301a7b0407cb0c3cb4ae25a6fde661597a04039b3c",
                "sha256:0fc96785262042e4863b3f3b5c429d4636f10d90061e1840fce1baaf59b1a836",
                "sha256:1c51fda1bbc9634246e7be6016d860be01747354ed7015ebe38acf4452f470d2",
                "sha256:1d63eb389347293d8915fb47bee0951c7b5dab522a4a60118b9a18f33e21f8ce",
                "sha256:22bcd2e284b3b1d969c12e84dc9b9a71701ec82d8ce975fdda19712e1cfd4e00",
                "sha256:2a7e2fe101a7ace75e9327b9c946d247749e564a267b0515cf41dfe450b69bac",
                "sha256:43b554b9e73a07ba84ed6cf25db0ff88b1e06be610b37656e292e3cbb5437472",
                "sha256:4b74301b30513b1a7494d3055d95c714b560fbb630d8fb9956b6f27992c9f980",
                "sha256:4e75105c9dfe13719b7293f75bd53033108f4ba03d44e71db0ec2a0e8401eafd",
                "sha256:5b7a637212cc9b2bcf85dd828b1178d19efdf74dbfe1ddf8cd1b8e01fdaaa7f5",
                "sha256:5e9806a43232a1fa0c9cf5da8dc06f6910d53e4390be1fa06f06454d888a9142",
                "sha256:629b03fd3caae7f815b0c66b41273f6b1900a579e2ccb41ef4493a4f5fb84f3a",
                "sha256:72230ed56f026dd664c21d73c5db73ebba50d924d7ba6b7c0d81a121e390406e",
                "sha256:86a75477addde4918e9a1904e5c6af8d7b691f2a3f65587d73b16100fbe4c3b2",
                "sha256:8971c421dbd7aad930c9bd2694122f332350b6ccb5202a8b7b06f3f1a5c41ed5",
                "sha256:9616f0b65a30851e62f1713336c931fcd32c057202b7ff2cfbfca0fc7d5e3043",
                "sha256:b0d5d35faeb07e22a1ddf8dce620860c8fe145426c02d1a0ae2688c6e8ede36d",
                "sha256:ecc33531a213eee22ad60e0e2aaea6c8ba0021f0cce35dbf0ab03dee6e2a23a1"
            ],
            "index": "pypi",
            "version": "==3.14.0"
        },
        "pywikibot": {
            "hashes": [
                "sha256:8dac100fe4fb8112bf607bb8528af1dfece09eb776cf604b6529510a5c0686e5"
            ],
            "index": "pypi",
            "version": "==5.4.0"
        },
        "requests": {
            "hashes": [
                "sha256:27973dd4a904a4f13b263a19c866c13b92a39ed1c964655f025f3f8d3d75b804",
                "sha256:c210084e36a42ae6b9219e00e48287def368a26d03a048ddad7bfee44f75871e"
            ],
            "markers": "python_version >= '2.7' and python_version not in '3.0, 3.1, 3.2, 3.3, 3.4'",
            "version": "==2.25.1"
        },
        "six": {
            "hashes": [
                "sha256:30639c035cdb23534cd4aa2dd52c3bf48f06e5f4a941509c8bafd8ce11080259",
                "sha256:8b74bedcbbbaca38ff6d7491d76f2b06b3592611af620f8426e82dddb04a5ced"
            ],
            "markers": "python_version >= '2.7' and python_version not in '3.0, 3.1, 3.2, 3.3'",
            "version": "==1.15.0"
        },
        "urllib3": {
            "hashes": [
                "sha256:19188f96923873c92ccb987120ec4acaa12f0461fa9ce5d3d0772bc965a39e08",
                "sha256:d8ff90d979214d7b4f8ce956e80f4028fc6860e4431f731ea4a8c08f23f99473"
            ],
            "markers": "python_version >= '2.7' and python_version not in '3.0, 3.1, 3.2, 3.3, 3.4' and python_version < '4'",
            "version": "==1.26.2"
        }
    },
    "develop": {}
}
